PODS:
  - APIKit (1.1.2):
    - Result (~> 1.0.1)
  - Himotoki (1.5.0)
  - Result (1.0.2)

DEPENDENCIES:
  - APIKit
  - Himotoki

SPEC CHECKSUMS:
  APIKit: d6e313f1ca3b0cae30a7059f872f7780d8a147ec
  Himotoki: 7506d0a42c59ca4f7e348f22aee89e22c76c5711
  Result: dd3dd71af3fa2e262f1a999e14fba2c25ec14f16

PODFILE CHECKSUM: 80dfb5bdc7b70b9170596e4507200f32f33583c3

COCOAPODS: 1.0.0.beta.2
